
Microsoft Visual Studio Solution File, Format Version 12.00
# Visual Studio Version 17
VisualStudioVersion = 17.3.32825.248
MinimumVisualStudioVersion = 10.0.40219.1
Project("{FAE04EC0-301F-11D3-BF4B-00C04F79EFBC}") = "CarClassLibrary", "CarClassLibrary\CarClassLibrary.csproj", "{9EBA735C-343A-44C7-AB74-4957A2564C76}"
EndProject
Project("{FAE04EC0-301F-11D3-BF4B-00C04F79EFBC}") = "CarShopConsoleApp", "CarShopConsoleApp\CarShopConsoleApp.csproj", "{69E79E2E-7A21-418C-865C-8BF7704E85F2}"
EndProject
Global
	GlobalSection(SolutionConfigurationPlatforms) = preSolution
		Debug|Any CPU = Debug|Any CPU
		Release|Any CPU = Release|Any CPU
	EndGlobalSection
	GlobalSection(ProjectConfigurationPlatforms) = postSolution
		{9EBA735C-343A-44C7-AB74-4957A2564C76}.Debug|Any CPU.ActiveCfg = Debug|Any CPU
		{9EBA735C-343A-44C7-AB74-4957A2564C76}.Debug|Any CPU.Build.0 = Debug|Any CPU
		{9EBA735C-343A-44C7-AB74-4957A2564C76}.Release|Any CPU.ActiveCfg = Release|Any CPU
		{9EBA735C-343A-44C7-AB74-4957A2564C76}.Release|Any CPU.Build.0 = Release|Any CPU
		{69E79E2E-7A21-418C-865C-8BF7704E85F2}.Debug|Any CPU.ActiveCfg = Debug|Any CPU
		{69E79E2E-7A21-418C-865C-8BF7704E85F2}.Debug|Any CPU.Build.0 = Debug|Any CPU
		{69E79E2E-7A21-418C-865C-8BF7704E85F2}.Release|Any CPU.ActiveCfg = Release|Any CPU
		{69E79E2E-7A21-418C-865C-8BF7704E85F2}.Release|Any CPU.Build.0 = Release|Any CPU
	EndGlobalSection
	GlobalSection(SolutionProperties) = preSolution
		HideSolutionNode = FALSE
	EndGlobalSection
	GlobalSection(ExtensibilityGlobals) = postSolution
		SolutionGuid = {4DE88E23-5EE8-42F2-936B-4BB7DF814F25}
	EndGlobalSection
EndGlobal
